
Microsoft Visual Studio Solution File, Format Version 12.00
# Visual Studio Version 17
VisualStudioVersion = 17.11.35219.272
MinimumVisualStudioVersion = 10.0.40219.1
Project("{FAE04EC0-301F-11D3-BF4B-00C04F79EFBC}") = "ABC_Car", "ABC_Car\ABC_Car.csproj", "{FE90AD8B-AD91-41D2-8131-626E04D4C1DB}"
EndProject
Global
	GlobalSection(SolutionConfigurationPlatforms) = preSolution
		Debug|Any CPU = Debug|Any CPU
		Release|Any CPU = Release|Any CPU
	EndGlobalSection
	GlobalSection(ProjectConfigurationPlatforms) = postSolution
		{FE90AD8B-AD91-41D2-8131-626E04D4C1DB}.Debug|Any CPU.ActiveCfg = Debug|Any CPU
		{FE90AD8B-AD91-41D2-8131-626E04D4C1DB}.Debug|Any CPU.Build.0 = Debug|Any CPU
		{FE90AD8B-AD91-41D2-8131-626E04D4C1DB}.Release|Any CPU.ActiveCfg = Release|Any CPU
		{FE90AD8B-AD91-41D2-8131-626E04D4C1DB}.Release|Any CPU.Build.0 = Release|Any CPU
	EndGlobalSection
	GlobalSection(SolutionProperties) = preSolution
		HideSolutionNode = FALSE
	EndGlobalSection
	GlobalSection(ExtensibilityGlobals) = postSolution
		SolutionGuid = {117AC477-F382-4B1A-A92E-3F4B64426811}
	EndGlobalSection
EndGlobal
